<?xml version="1.0" encoding="utf-8"?>
<Project ToolsVersion="4.0" xmlns="http://schemas.microsoft.com/developer/msbuild/2003">
  <ItemGroup>
    <Filter Include="Source Files">
      <UniqueIdentifier>{4FC737F1-C7A5-4376-A066-2A32D752A2FF}</UniqueIdentifier>
      <Extensions>cpp;c;cc;cxx;def;odl;idl;hpj;bat</Extensions>
    </Filter>
    <Filter Include="Header Files">
      <UniqueIdentifier>{93995380-89BD-4b04-88EB-625FBE52EBFB}</UniqueIdentifier>
      <Extensions>h;hh;hpp;hxx;hm;inl;inc;ipp;xsd</Extensions>
    </Filter>
    <Filter Include="Assembler Files">
      <UniqueIdentifier>{675e07b5-6d1e-4817-8aa9-4eadc3b90885}</UniqueIdentifier>
      <Extensions>asm;asmx</Extensions>
    </Filter>
  </ItemGroup>
  <ItemGroup>
    <ClInclude Include="..\src\utils.h">
      <Filter>Header Files</Filter>
    </ClInclude>
    <ClInclude Include="..\src\intrin.h">
      <Filter>Header Files</Filter>
    </ClInclude>
    <ClInclude Include="..\src\gfparith.h">
      <Filter>Header Files</Filter>
    </ClInclude>
    <ClInclude Include="..\src\tedcurve.h">
      <Filter>Header Files</Filter>
    </ClInclude>
    <ClInclude Include="..\src\moncurve.h">
      <Filter>Header Files</Filter>
    </ClInclude>
    <ClInclude Include="..\src\ecdh.h">
      <Filter>Header Files</Filter>
    </ClInclude>
    <ClInclude Include="..\src\tedtable.h">
      <Filter>Header Files</Filter>
    </ClInclude>
  </ItemGroup>
  <ItemGroup>
    <ClCompile Include="..\src\gfparith.c">
      <Filter>Source Files</Filter>
    </ClCompile>
    <ClCompile Include="..\src\tedcurve.c">
      <Filter>Source Files</Filter>
    </ClCompile>
    <ClCompile Include="..\src\moncurve.c">
      <Filter>Source Files</Filter>
    </ClCompile>
    <ClCompile Include="..\src\ecdh.c">
      <Filter>Source Files</Filter>
    </ClCompile>
    <ClCompile Include="..\src\main.c">
      <Filter>Source Files</Filter>
    </ClCompile>
    <ClCompile Include="..\src\tedtable.c">
      <Filter>Source Files</Filter>
    </ClCompile>
    <ClCompile Include="..\src\utils.c">
      <Filter>Source Files</Filter>
    </ClCompile>
  </ItemGroup>
  <ItemGroup>
    <MASM Include="..\src\rdtsc64.asm">
      <Filter>Assembler Files</Filter>
    </MASM>
  </ItemGroup>
</Project>